// !$*UTF8*$!
{
	archiveVersion = 1;
	classes = {
	};
	objectVersion = 77;
	objects = {

/* Begin PBXBuildFile section */
		0177CA82498CA5D51422E49E /* AppDelegate.swift in Sources */ = {isa = PBXBuildFile; fileRef = 97930C1AC598FBAA34E54F43 /* AppDelegate.swift */; };
		0657884E25A247E31CCC9622 /* VerticalPanelView.swift in Sources */ = {isa = PBXBuildFile; fileRef = CD1C610D326B1D227D997303 /* VerticalPanelView.swift */; };
		0E91E766FC71B6DE6AC53488 /* MenuBarScanner.swift in Sources */ = {isa = PBXBuildFile; fileRef = 20046C6E85CECBDA4531BB62 /* MenuBarScanner.swift */; };
		2D33021A9DFE4A833576A0B4 /* Assets.xcassets in Resources */ = {isa = PBXBuildFile; fileRef = 62855511B6D973008D13CA01 /* Assets.xcassets */; };
		31C77DEB8CA249DE59E747BF /* ChangeMonitor.swift in Sources */ = {isa = PBXBuildFile; fileRef = 2091A5427F7899255DD9D138 /* ChangeMonitor.swift */; };
		4CCFB358044A26F9D5E7786D /* MenuBarItem.swift in Sources */ = {isa = PBXBuildFile; fileRef = 49872C69B4E99F3CA28D4557 /* MenuBarItem.swift */; };
		4EF5EB591A37871688B625B9 /* IconCapturer.swift in Sources */ = {isa = PBXBuildFile; fileRef = B26185129531223A9DD91853 /* IconCapturer.swift */; };
		838510B495CB95D6F6B9C62F /* main.swift in Sources */ = {isa = PBXBuildFile; fileRef = 4B95A19A149DDAAD217D934D /* main.swift */; };
		921F13025B25C2BE93EA62C4 /* VerticalPanelController.swift in Sources */ = {isa = PBXBuildFile; fileRef = 7592EF8B20AA3B66AFE5EF98 /* VerticalPanelController.swift */; };
		9859AB82E45C6DC6C3212899 /* SpacerManager.swift in Sources */ = {isa = PBXBuildFile; fileRef = BDE34D53F63AFAEBF21A06F1 /* SpacerManager.swift */; };
		D542915611F09815E82B3548 /* AccessibilityHelper.swift in Sources */ = {isa = PBXBuildFile; fileRef = 94491DC84FC81A065D2C6A50 /* AccessibilityHelper.swift */; };
		ED33C3EEF57921A1D7A35207 /* Preferences.swift in Sources */ = {isa = PBXBuildFile; fileRef = A5F6C9E766357A7017E5DC20 /* Preferences.swift */; };
		FD1760AB1B4658ED00056261 /* ClickForwarder.swift in Sources */ = {isa = PBXBuildFile; fileRef = 0B6F37023DC150E42D983B12 /* ClickForwarder.swift */; };
/* End PBXBuildFile section */

/* Begin PBXFileReference section */
		07B1FC2D5B6BF7590E973162 /* MenuDown.app */ = {isa = PBXFileReference; explicitFileType = wrapper.application; includeInIndex = 0; path = MenuDown.app; sourceTree = BUILT_PRODUCTS_DIR; };
		0B6F37023DC150E42D983B12 /* ClickForwarder.swift */ = {isa = PBXFileReference; lastKnownFileType = sourcecode.swift; path = ClickForwarder.swift; sourceTree = "<group>"; };
		20046C6E85CECBDA4531BB62 /* MenuBarScanner.swift */ = {isa = PBXFileReference; lastKnownFileType = sourcecode.swift; path = MenuBarScanner.swift; sourceTree = "<group>"; };
		2091A5427F7899255DD9D138 /* ChangeMonitor.swift */ = {isa = PBXFileReference; lastKnownFileType = sourcecode.swift; path = ChangeMonitor.swift; sourceTree = "<group>"; };
		2DA524E50625AB373AE7E900 /* Info.plist */ = {isa = PBXFileReference; lastKnownFileType = text.plist; path = Info.plist; sourceTree = "<group>"; };
		49872C69B4E99F3CA28D4557 /* MenuBarItem.swift */ = {isa = PBXFileReference; lastKnownFileType = sourcecode.swift; path = MenuBarItem.swift; sourceTree = "<group>"; };
		4B95A19A149DDAAD217D934D /* main.swift */ = {isa = PBXFileReference; lastKnownFileType = sourcecode.swift; path = main.swift; sourceTree = "<group>"; };
		62855511B6D973008D13CA01 /* Assets.xcassets */ = {isa = PBXFileReference; lastKnownFileType = folder.assetcatalog; path = Assets.xcassets; sourceTree = "<group>"; };
		7592EF8B20AA3B66AFE5EF98 /* VerticalPanelController.swift */ = {isa = PBXFileReference; lastKnownFileType = sourcecode.swift; path = VerticalPanelController.swift; sourceTree = "<group>"; };
		94491DC84FC81A065D2C6A50 /* AccessibilityHelper.swift */ = {isa = PBXFileReference; lastKnownFileType = sourcecode.swift; path = AccessibilityHelper.swift; sourceTree = "<group>"; };
		97930C1AC598FBAA34E54F43 /* AppDelegate.swift */ = {isa = PBXFileReference; lastKnownFileType = sourcecode.swift; path = AppDelegate.swift; sourceTree = "<group>"; };
		A5F6C9E766357A7017E5DC20 /* Preferences.swift */ = {isa = PBXFileReference; lastKnownFileType = sourcecode.swift; path = Preferences.swift; sourceTree = "<group>"; };
		B26185129531223A9DD91853 /* IconCapturer.swift */ = {isa = PBXFileReference; lastKnownFileType = sourcecode.swift; path = IconCapturer.swift; sourceTree = "<group>"; };
		BDE34D53F63AFAEBF21A06F1 /* SpacerManager.swift */ = {isa = PBXFileReference; lastKnownFileType = sourcecode.swift; path = SpacerManager.swift; sourceTree = "<group>"; };
		CD1C610D326B1D227D997303 /* VerticalPanelView.swift */ = {isa = PBXFileReference; lastKnownFileType = sourcecode.swift; path = VerticalPanelView.swift; sourceTree = "<group>"; };
/* End PBXFileReference section */

/* Begin PBXGroup section */
		10302121BA7CDC7C64662F18 /* MenuBar */ = {
			isa = PBXGroup;
			children = (
				B26185129531223A9DD91853 /* IconCapturer.swift */,
				49872C69B4E99F3CA28D4557 /* MenuBarItem.swift */,
				20046C6E85CECBDA4531BB62 /* MenuBarScanner.swift */,
				BDE34D53F63AFAEBF21A06F1 /* SpacerManager.swift */,
			);
			path = MenuBar;
			sourceTree = "<group>";
		};
		3BC161B26C5248FC4100936E /* Panel */ = {
			isa = PBXGroup;
			children = (
				7592EF8B20AA3B66AFE5EF98 /* VerticalPanelController.swift */,
				CD1C610D326B1D227D997303 /* VerticalPanelView.swift */,
			);
			path = Panel;
			sourceTree = "<group>";
		};
		5C2B6BB14357DE38444E7433 /* App */ = {
			isa = PBXGroup;
			children = (
				97930C1AC598FBAA34E54F43 /* AppDelegate.swift */,
				2DA524E50625AB373AE7E900 /* Info.plist */,
				4B95A19A149DDAAD217D934D /* main.swift */,
			);
			path = App;
			sourceTree = "<group>";
		};
		5D30F81B7978A56FFC88BA84 /* Utilities */ = {
			isa = PBXGroup;
			children = (
				94491DC84FC81A065D2C6A50 /* AccessibilityHelper.swift */,
				A5F6C9E766357A7017E5DC20 /* Preferences.swift */,
			);
			path = Utilities;
			sourceTree = "<group>";
		};
		64C8821D869C3FFA7D9AA0CE /* Interaction */ = {
			isa = PBXGroup;
			children = (
				2091A5427F7899255DD9D138 /* ChangeMonitor.swift */,
				0B6F37023DC150E42D983B12 /* ClickForwarder.swift */,
			);
			path = Interaction;
			sourceTree = "<group>";
		};
		B870E224137D960876BAED8A /* Products */ = {
			isa = PBXGroup;
			children = (
				07B1FC2D5B6BF7590E973162 /* MenuDown.app */,
			);
			name = Products;
			sourceTree = "<group>";
		};
		D34EC59C02C444ABD02FF8A6 = {
			isa = PBXGroup;
			children = (
				EDEFAC21597629F74D7E474A /* MenuDown */,
				B870E224137D960876BAED8A /* Products */,
			);
			sourceTree = "<group>";
		};
		EDEFAC21597629F74D7E474A /* MenuDown */ = {
			isa = PBXGroup;
			children = (
				62855511B6D973008D13CA01 /* Assets.xcassets */,
				5C2B6BB14357DE38444E7433 /* App */,
				64C8821D869C3FFA7D9AA0CE /* Interaction */,
				10302121BA7CDC7C64662F18 /* MenuBar */,
				3BC161B26C5248FC4100936E /* Panel */,
				5D30F81B7978A56FFC88BA84 /* Utilities */,
			);
			path = MenuDown;
			sourceTree = "<group>";
		};
/* End PBXGroup section */

/* Begin PBXNativeTarget section */
		CB4AE079F4BE8E6CD1454B16 /* MenuDown */ = {
			isa = PBXNativeTarget;
			buildConfigurationList = F00976F94B03751519A5C8A2 /* Build configuration list for PBXNativeTarget "MenuDown" */;
			buildPhases = (
				9D5E7C5FAAC4D324D8C2DF2F /* Sources */,
				15BD4A426F8C23B2BCB07CC9 /* Resources */,
				F0A225F52A35D03BE94DF8F0 /* Reset TCC Accessibility for dev builds */,
			);
			buildRules = (
			);
			dependencies = (
			);
			name = MenuDown;
			packageProductDependencies = (
			);
			productName = MenuDown;
			productReference = 07B1FC2D5B6BF7590E973162 /* MenuDown.app */;
			productType = "com.apple.product-type.application";
		};
/* End PBXNativeTarget section */

/* Begin PBXProject section */
		271D40A3B435764B4E43B118 /* Project object */ = {
			isa = PBXProject;
			attributes = {
				BuildIndependentTargetsInParallel = YES;
				LastUpgradeCheck = 1500;
			};
			buildConfigurationList = 445143BB0CCD6D4133010A06 /* Build configuration list for PBXProject "MenuDown" */;
			compatibilityVersion = "Xcode 14.0";
			developmentRegion = en;
			hasScannedForEncodings = 0;
			knownRegions = (
				Base,
				en,
			);
			mainGroup = D34EC59C02C444ABD02FF8A6;
			minimizedProjectReferenceProxies = 1;
			preferredProjectObjectVersion = 77;
			projectDirPath = "";
			projectRoot = "";
			targets = (
				CB4AE079F4BE8E6CD1454B16 /* MenuDown */,
			);
		};
/* End PBXProject section */

/* Begin PBXResourcesBuildPhase section */
		15BD4A426F8C23B2BCB07CC9 /* Resources */ = {
			isa = PBXResourcesBuildPhase;
			buildActionMask = 2147483647;
			files = (
				2D33021A9DFE4A833576A0B4 /* Assets.xcassets in Resources */,
			);
			runOnlyForDeploymentPostprocessing = 0;
		};
/* End PBXResourcesBuildPhase section */

/* Begin PBXShellScriptBuildPhase section */
		F0A225F52A35D03BE94DF8F0 /* Reset TCC Accessibility for dev builds */ = {
			isa = PBXShellScriptBuildPhase;
			alwaysOutOfDate = 1;
			buildActionMask = 2147483647;
			files = (
			);
			inputFileListPaths = (
			);
			inputPaths = (
			);
			name = "Reset TCC Accessibility for dev builds";
			outputFileListPaths = (
			);
			outputPaths = (
			);
			runOnlyForDeploymentPostprocessing = 0;
			shellPath = /bin/sh;
			shellScript = "# Each rebuild changes the code signature, invalidating the old TCC entry.\n# Reset it so the next launch gets a fresh Accessibility prompt.\ntccutil reset Accessibility com.menudown.app 2>/dev/null || true\n";
		};
/* End PBXShellScriptBuildPhase section */

/* Begin PBXSourcesBuildPhase section */
		9D5E7C5FAAC4D324D8C2DF2F /* Sources */ = {
			isa = PBXSourcesBuildPhase;
			buildActionMask = 2147483647;
			files = (
				D542915611F09815E82B3548 /* AccessibilityHelper.swift in Sources */,
				0177CA82498CA5D51422E49E /* AppDelegate.swift in Sources */,
				31C77DEB8CA249DE59E747BF /* ChangeMonitor.swift in Sources */,
				FD1760AB1B4658ED00056261 /* ClickForwarder.swift in Sources */,
				4EF5EB591A37871688B625B9 /* IconCapturer.swift in Sources */,
				4CCFB358044A26F9D5E7786D /* MenuBarItem.swift in Sources */,
				0E91E766FC71B6DE6AC53488 /* MenuBarScanner.swift in Sources */,
				ED33C3EEF57921A1D7A35207 /* Preferences.swift in Sources */,
				9859AB82E45C6DC6C3212899 /* SpacerManager.swift in Sources */,
				921F13025B25C2BE93EA62C4 /* VerticalPanelController.swift in Sources */,
				0657884E25A247E31CCC9622 /* VerticalPanelView.swift in Sources */,
				838510B495CB95D6F6B9C62F /* main.swift in Sources */,
			);
			runOnlyForDeploymentPostprocessing = 0;
		};
/* End PBXSourcesBuildPhase section */

/* Begin XCBuildConfiguration section */
		00A82B5FFFD3143BBE2E2B8A /* Debug */ = {
			isa = XCBuildConfiguration;
			buildSettings = {
				ALWAYS_SEARCH_USER_PATHS = NO;
				CLANG_ANALYZER_NONNULL = YES;
				CLANG_ANALYZER_NUMBER_OBJECT_CONVERSION = YES_AGGRESSIVE;
				CLANG_CXX_LANGUAGE_STANDARD = "gnu++14";
				CLANG_CXX_LIBRARY = "libc++";
				CLANG_ENABLE_MODULES = YES;
				CLANG_ENABLE_OBJC_ARC = YES;
				CLANG_ENABLE_OBJC_WEAK = YES;
				CLANG_WARN_BLOCK_CAPTURE_AUTORELEASING = YES;
				CLANG_WARN_BOOL_CONVERSION = YES;
				CLANG_WARN_COMMA = YES;
				CLANG_WARN_CONSTANT_CONVERSION = YES;
				CLANG_WARN_DEPRECATED_OBJC_IMPLEMENTATIONS = YES;
				CLANG_WARN_DIRECT_OBJC_ISA_USAGE = YES_ERROR;
				CLANG_WARN_DOCUMENTATION_COMMENTS = YES;
				CLANG_WARN_EMPTY_BODY = YES;
				CLANG_WARN_ENUM_CONVERSION = YES;
				CLANG_WARN_INFINITE_RECURSION = YES;
				CLANG_WARN_INT_CONVERSION = YES;
				CLANG_WARN_NON_LITERAL_NULL_CONVERSION = YES;
				CLANG_WARN_OBJC_IMPLICIT_RETAIN_SELF = YES;
				CLANG_WARN_OBJC_LITERAL_CONVERSION = YES;
				CLANG_WARN_OBJC_ROOT_CLASS = YES_ERROR;
				CLANG_WARN_QUOTED_INCLUDE_IN_FRAMEWORK_HEADER = YES;
				CLANG_WARN_RANGE_LOOP_ANALYSIS = YES;
				CLANG_WARN_STRICT_PROTOTYPES = YES;
				CLANG_WARN_SUSPICIOUS_MOVE = YES;
				CLANG_WARN_UNGUARDED_AVAILABILITY = YES_AGGRESSIVE;
				CLANG_WARN_UNREACHABLE_CODE = YES;
				CLANG_WARN__DUPLICATE_METHOD_MATCH = YES;
				COPY_PHASE_STRIP = NO;
				DEBUG_INFORMATION_FORMAT = dwarf;
				ENABLE_STRICT_OBJC_MSGSEND = YES;
				ENABLE_TESTABILITY = YES;
				GCC_C_LANGUAGE_STANDARD = gnu11;
				GCC_DYNAMIC_NO_PIC = NO;
				GCC_NO_COMMON_BLOCKS = YES;
				GCC_OPTIMIZATION_LEVEL = 0;
				GCC_PREPROCESSOR_DEFINITIONS = (
					"$(inherited)",
					"DEBUG=1",
				);
				GCC_WARN_64_TO_32_BIT_CONVERSION = YES;
				GCC_WARN_ABOUT_RETURN_TYPE = YES_ERROR;
				GCC_WARN_UNDECLARED_SELECTOR = YES;
				GCC_WARN_UNINITIALIZED_AUTOS = YES_AGGRESSIVE;
				GCC_WARN_UNUSED_FUNCTION = YES;
				GCC_WARN_UNUSED_VARIABLE = YES;
				MACOSX_DEPLOYMENT_TARGET = 13.0;
				MTL_ENABLE_DEBUG_INFO = INCLUDE_SOURCE;
				MTL_FAST_MATH = YES;
				ONLY_ACTIVE_ARCH = YES;
				PRODUCT_NAME = "$(TARGET_NAME)";
				SDKROOT = macosx;
				SWIFT_ACTIVE_COMPILATION_CONDITIONS = DEBUG;
				SWIFT_OPTIMIZATION_LEVEL = "-Onone";
				SWIFT_VERSION = 5.9;
			};
			name = Debug;
		};
		6749A133B891B3F32B1765EB /* Release */ = {
			isa = XCBuildConfiguration;
			buildSettings = {
				ALWAYS_SEARCH_USER_PATHS = NO;
				CLANG_ANALYZER_NONNULL = YES;
				CLANG_ANALYZER_NUMBER_OBJECT_CONVERSION = YES_AGGRESSIVE;
				CLANG_CXX_LANGUAGE_STANDARD = "gnu++14";
				CLANG_CXX_LIBRARY = "libc++";
				CLANG_ENABLE_MODULES = YES;
				CLANG_ENABLE_OBJC_ARC = YES;
				CLANG_ENABLE_OBJC_WEAK = YES;
				CLANG_WARN_BLOCK_CAPTURE_AUTORELEASING = YES;
				CLANG_WARN_BOOL_CONVERSION = YES;
				CLANG_WARN_COMMA = YES;
				CLANG_WARN_CONSTANT_CONVERSION = YES;
				CLANG_WARN_DEPRECATED_OBJC_IMPLEMENTATIONS = YES;
				CLANG_WARN_DIRECT_OBJC_ISA_USAGE = YES_ERROR;
				CLANG_WARN_DOCUMENTATION_COMMENTS = YES;
				CLANG_WARN_EMPTY_BODY = YES;
				CLANG_WARN_ENUM_CONVERSION = YES;
				CLANG_WARN_INFINITE_RECURSION = YES;
				CLANG_WARN_INT_CONVERSION = YES;
				CLANG_WARN_NON_LITERAL_NULL_CONVERSION = YES;
				CLANG_WARN_OBJC_IMPLICIT_RETAIN_SELF = YES;
				CLANG_WARN_OBJC_LITERAL_CONVERSION = YES;
				CLANG_WARN_OBJC_ROOT_CLASS = YES_ERROR;
				CLANG_WARN_QUOTED_INCLUDE_IN_FRAMEWORK_HEADER = YES;
				CLANG_WARN_RANGE_LOOP_ANALYSIS = YES;
				CLANG_WARN_STRICT_PROTOTYPES = YES;
				CLANG_WARN_SUSPICIOUS_MOVE = YES;
				CLANG_WARN_UNGUARDED_AVAILABILITY = YES_AGGRESSIVE;
				CLANG_WARN_UNREACHABLE_CODE = YES;
				CLANG_WARN__DUPLICATE_METHOD_MATCH = YES;
				COPY_PHASE_STRIP = NO;
				DEBUG_INFORMATION_FORMAT = "dwarf-with-dsym";
				ENABLE_NS_ASSERTIONS = NO;
				ENABLE_STRICT_OBJC_MSGSEND = YES;
				GCC_C_LANGUAGE_STANDARD = gnu11;
				GCC_NO_COMMON_BLOCKS = YES;
				GCC_WARN_64_TO_32_BIT_CONVERSION = YES;
				GCC_WARN_ABOUT_RETURN_TYPE = YES_ERROR;
				GCC_WARN_UNDECLARED_SELECTOR = YES;
				GCC_WARN_UNINITIALIZED_AUTOS = YES_AGGRESSIVE;
				GCC_WARN_UNUSED_FUNCTION = YES;
				GCC_WARN_UNUSED_VARIABLE = YES;
				MACOSX_DEPLOYMENT_TARGET = 13.0;
				MTL_ENABLE_DEBUG_INFO = NO;
				MTL_FAST_MATH = YES;
				PRODUCT_NAME = "$(TARGET_NAME)";
				SDKROOT = macosx;
				SWIFT_COMPILATION_MODE = wholemodule;
				SWIFT_OPTIMIZATION_LEVEL = "-O";
				SWIFT_VERSION = 5.9;
			};
			name = Release;
		};
		9D0E5FD2AE144207A9100DA8 /* Release */ = {
			isa = XCBuildConfiguration;
			buildSettings = {
				ASSETCATALOG_COMPILER_APPICON_NAME = AppIcon;
				CODE_SIGNING_REQUIRED = NO;
				CODE_SIGN_ALLOW_ENTITLEMENTS_MODIFICATION = YES;
				CODE_SIGN_ENTITLEMENTS = MenuDown/MenuDown.entitlements;
				CODE_SIGN_IDENTITY = "-";
				COMBINE_HIDPI_IMAGES = YES;
				ENABLE_HARDENED_RUNTIME = NO;
				INFOPLIST_FILE = MenuDown/App/Info.plist;
				LD_RUNPATH_SEARCH_PATHS = "$(inherited) @executable_path/../Frameworks";
				PRODUCT_BUNDLE_IDENTIFIER = com.menudown.app;
				PRODUCT_NAME = MenuDown;
				SDKROOT = macosx;
			};
			name = Release;
		};
		E00378AB529DDF8FD2CA31BE /* Debug */ = {
			isa = XCBuildConfiguration;
			buildSettings = {
				ASSETCATALOG_COMPILER_APPICON_NAME = AppIcon;
				CODE_SIGNING_REQUIRED = NO;
				CODE_SIGN_ALLOW_ENTITLEMENTS_MODIFICATION = YES;
				CODE_SIGN_ENTITLEMENTS = MenuDown/MenuDown.entitlements;
				CODE_SIGN_IDENTITY = "-";
				COMBINE_HIDPI_IMAGES = YES;
				ENABLE_HARDENED_RUNTIME = NO;
				INFOPLIST_FILE = MenuDown/App/Info.plist;
				LD_RUNPATH_SEARCH_PATHS = "$(inherited) @executable_path/../Frameworks";
				PRODUCT_BUNDLE_IDENTIFIER = com.menudown.app;
				PRODUCT_NAME = MenuDown;
				SDKROOT = macosx;
			};
			name = Debug;
		};
/* End XCBuildConfiguration section */

/* Begin XCConfigurationList section */
		445143BB0CCD6D4133010A06 /* Build configuration list for PBXProject "MenuDown" */ = {
			isa = XCConfigurationList;
			buildConfigurations = (
				00A82B5FFFD3143BBE2E2B8A /* Debug */,
				6749A133B891B3F32B1765EB /* Release */,
			);
			defaultConfigurationIsVisible = 0;
			defaultConfigurationName = Debug;
		};
		F00976F94B03751519A5C8A2 /* Build configuration list for PBXNativeTarget "MenuDown" */ = {
			isa = XCConfigurationList;
			buildConfigurations = (
				E00378AB529DDF8FD2CA31BE /* Debug */,
				9D0E5FD2AE144207A9100DA8 /* Release */,
			);
			defaultConfigurationIsVisible = 0;
			defaultConfigurationName = Debug;
		};
/* End XCConfigurationList section */
	};
	rootObject = 271D40A3B435764B4E43B118 /* Project object */;
}
